// !$*UTF8*$!
{
	archiveVersion = 1;
	classes = {
	};
	objectVersion = 46;
	objects = {

/* Begin PBXBuildFile section */
		2640CDF01D89E2850021C709 /* AppDelegate.swift in Sources */ = {isa = PBXBuildFile; fileRef = 2640CDEF1D89E2850021C709 /* AppDelegate.swift */; };
		2640CDF21D89E2850021C709 /* MemeEditorViewController.swift in Sources */ = {isa = PBXBuildFile; fileRef = 2640CDF11D89E2850021C709 /* MemeEditorViewController.swift */; };
		2640CDF51D89E2850021C709 /* Main.storyboard in Resources */ = {isa = PBXBuildFile; fileRef = 2640CDF31D89E2850021C709 /* Main.storyboard */; };
		2640CDF71D89E2850021C709 /* Assets.xcassets in Resources */ = {isa = PBXBuildFile; fileRef = 2640CDF61D89E2850021C709 /* Assets.xcassets */; };
		2640CDFA1D89E2850021C709 /* LaunchScreen.storyboard in Resources */ = {isa = PBXBuildFile; fileRef = 2640CDF81D89E2850021C709 /* LaunchScreen.storyboard */; };
		2640CE031D89EFEC0021C709 /* impact.ttf in Resources */ = {isa = PBXBuildFile; fileRef = 2640CE021D89EFEC0021C709 /* impact.ttf */; };
		264297581DBFF45000AC1BF3 /* SentMemesDetailViewController.swift in Sources */ = {isa = PBXBuildFile; fileRef = 264297571DBFF45000AC1BF3 /* SentMemesDetailViewController.swift */; };
		2642975A1DBFFDC300AC1BF3 /* CustomMemeCollectionCell.swift in Sources */ = {isa = PBXBuildFile; fileRef = 264297591DBFFDC300AC1BF3 /* CustomMemeCollectionCell.swift */; };
		26A1673B1DC69DD7000FFCEA /* CustomMemeTableCell.swift in Sources */ = {isa = PBXBuildFile; fileRef = 26A1673A1DC69DD7000FFCEA /* CustomMemeTableCell.swift */; };
		26ABF9D81DBD1AE000FCEBE8 /* Meme.swift in Sources */ = {isa = PBXBuildFile; fileRef = 26ABF9D71DBD1AE000FCEBE8 /* Meme.swift */; };
		26ABF9E11DBD5CAF00FCEBE8 /* SentMemesTableViewController.swift in Sources */ = {isa = PBXBuildFile; fileRef = 26ABF9E01DBD5CAF00FCEBE8 /* SentMemesTableViewController.swift */; };
		26ABF9E31DBD5CC300FCEBE8 /* SentMemesCollectionViewController.swift in Sources */ = {isa = PBXBuildFile; fileRef = 26ABF9E21DBD5CC300FCEBE8 /* SentMemesCollectionViewController.swift */; };
/* End PBXBuildFile section */

/* Begin PBXFileReference section */
		2640CDEC1D89E2850021C709 /* MemeMe.app */ = {isa = PBXFileReference; explicitFileType = wrapper.application; includeInIndex = 0; path = MemeMe.app; sourceTree = BUILT_PRODUCTS_DIR; };
		2640CDEF1D89E2850021C709 /* AppDelegate.swift */ = {isa = PBXFileReference; lastKnownFileType = sourcecode.swift; path = AppDelegate.swift; sourceTree = "<group>"; };
		2640CDF11D89E2850021C709 /* MemeEditorViewController.swift */ = {isa = PBXFileReference; lastKnownFileType = sourcecode.swift; path = MemeEditorViewController.swift; sourceTree = "<group>"; };
		2640CDF41D89E2850021C709 /* Base */ = {isa = PBXFileReference; lastKnownFileType = file.storyboard; name = Base; path = Base.lproj/Main.storyboard; sourceTree = "<group>"; };
		2640CDF61D89E2850021C709 /* Assets.xcassets */ = {isa = PBXFileReference; lastKnownFileType = folder.assetcatalog; path = Assets.xcassets; sourceTree = "<group>"; };
		2640CDF91D89E2850021C709 /* Base */ = {isa = PBXFileReference; lastKnownFileType = file.storyboard; name = Base; path = Base.lproj/LaunchScreen.storyboard; sourceTree = "<group>"; };
		2640CDFB1D89E2850021C709 /* Info.plist */ = {isa = PBXFileReference; lastKnownFileType = text.plist.xml; path = Info.plist; sourceTree = "<group>"; };
		2640CE021D89EFEC0021C709 /* impact.ttf */ = {isa = PBXFileReference; lastKnownFileType = file; path = impact.ttf; sourceTree = "<group>"; };
		264297571DBFF45000AC1BF3 /* SentMemesDetailViewController.swift */ = {isa = PBXFileReference; fileEncoding = 4; lastKnownFileType = sourcecode.swift; path = SentMemesDetailViewController.swift; sourceTree = "<group>"; };
		264297591DBFFDC300AC1BF3 /* CustomMemeCollectionCell.swift */ = {isa = PBXFileReference; fileEncoding = 4; lastKnownFileType = sourcecode.swift; path = CustomMemeCollectionCell.swift; sourceTree = "<group>"; };
		26A1673A1DC69DD7000FFCEA /* CustomMemeTableCell.swift */ = {isa = PBXFileReference; fileEncoding = 4; lastKnownFileType = sourcecode.swift; path = CustomMemeTableCell.swift; sourceTree = "<group>"; };
		26ABF9D71DBD1AE000FCEBE8 /* Meme.swift */ = {isa = PBXFileReference; fileEncoding = 4; lastKnownFileType = sourcecode.swift; path = Meme.swift; sourceTree = "<group>"; };
		26ABF9E01DBD5CAF00FCEBE8 /* SentMemesTableViewController.swift */ = {isa = PBXFileReference; fileEncoding = 4; lastKnownFileType = sourcecode.swift; path = SentMemesTableViewController.swift; sourceTree = "<group>"; };
		26ABF9E21DBD5CC300FCEBE8 /* SentMemesCollectionViewController.swift */ = {isa = PBXFileReference; fileEncoding = 4; lastKnownFileType = sourcecode.swift; path = SentMemesCollectionViewController.swift; sourceTree = "<group>"; };
/* End PBXFileReference section */

/* Begin PBXFrameworksBuildPhase section */
		2640CDE91D89E2850021C709 /* Frameworks */ = {
			isa = PBXFrameworksBuildPhase;
			buildActionMask = 2147483647;
			files = (
			);
			runOnlyForDeploymentPostprocessing = 0;
		};
/* End PBXFrameworksBuildPhase section */

/* Begin PBXGroup section */
		2640CDE31D89E2850021C709 = {
			isa = PBXGroup;
			children = (
				2640CDEE1D89E2850021C709 /* MemeMe */,
				2640CDED1D89E2850021C709 /* Products */,
			);
			sourceTree = "<group>";
		};
		2640CDED1D89E2850021C709 /* Products */ = {
			isa = PBXGroup;
			children = (
				2640CDEC1D89E2850021C709 /* MemeMe.app */,
			);
			name = Products;
			sourceTree = "<group>";
		};
		2640CDEE1D89E2850021C709 /* MemeMe */ = {
			isa = PBXGroup;
			children = (
				2640CDEF1D89E2850021C709 /* AppDelegate.swift */,
				2640CDF11D89E2850021C709 /* MemeEditorViewController.swift */,
				26ABF9E01DBD5CAF00FCEBE8 /* SentMemesTableViewController.swift */,
				26A1673A1DC69DD7000FFCEA /* CustomMemeTableCell.swift */,
				26ABF9E21DBD5CC300FCEBE8 /* SentMemesCollectionViewController.swift */,
				264297591DBFFDC300AC1BF3 /* CustomMemeCollectionCell.swift */,
				264297571DBFF45000AC1BF3 /* SentMemesDetailViewController.swift */,
				2640CDF31D89E2850021C709 /* Main.storyboard */,
				2640CDF81D89E2850021C709 /* LaunchScreen.storyboard */,
				2640CDF61D89E2850021C709 /* Assets.xcassets */,
				26ABF9D91DBD1B0D00FCEBE8 /* Models */,
				2640CE011D89EFCE0021C709 /* Fonts */,
				2640CDFB1D89E2850021C709 /* Info.plist */,
			);
			path = MemeMe;
			sourceTree = "<group>";
		};
		2640CE011D89EFCE0021C709 /* Fonts */ = {
			isa = PBXGroup;
			children = (
				2640CE021D89EFEC0021C709 /* impact.ttf */,
			);
			name = Fonts;
			sourceTree = "<group>";
		};
		26ABF9D91DBD1B0D00FCEBE8 /* Models */ = {
			isa = PBXGroup;
			children = (
				26ABF9D71DBD1AE000FCEBE8 /* Meme.swift */,
			);
			name = Models;
			sourceTree = "<group>";
		};
/* End PBXGroup section */

/* Begin PBXNativeTarget section */
		2640CDEB1D89E2850021C709 /* MemeMe */ = {
			isa = PBXNativeTarget;
			buildConfigurationList = 2640CDFE1D89E2850021C709 /* Build configuration list for PBXNativeTarget "MemeMe" */;
			buildPhases = (
				2640CDE81D89E2850021C709 /* Sources */,
				2640CDE91D89E2850021C709 /* Frameworks */,
				2640CDEA1D89E2850021C709 /* Resources */,
			);
			buildRules = (
			);
			dependencies = (
			);
			name = MemeMe;
			productName = MemeMe;
			productReference = 2640CDEC1D89E2850021C709 /* MemeMe.app */;
			productType = "com.apple.product-type.application";
		};
/* End PBXNativeTarget section */

/* Begin PBXProject section */
		2640CDE41D89E2850021C709 /* Project object */ = {
			isa = PBXProject;
			attributes = {
				LastSwiftUpdateCheck = 0730;
				LastUpgradeCheck = 0800;
				ORGANIZATIONNAME = SixtySticks;
				TargetAttributes = {
					2640CDEB1D89E2850021C709 = {
						CreatedOnToolsVersion = 7.3;
						DevelopmentTeam = 5K94769W9X;
						LastSwiftMigration = 0800;
					};
				};
			};
			buildConfigurationList = 2640CDE71D89E2850021C709 /* Build configuration list for PBXProject "MemeMe" */;
			compatibilityVersion = "Xcode 3.2";
			developmentRegion = English;
			hasScannedForEncodings = 0;
			knownRegions = (
				en,
				Base,
			);
			mainGroup = 2640CDE31D89E2850021C709;
			productRefGroup = 2640CDED1D89E2850021C709 /* Products */;
			projectDirPath = "";
			projectRoot = "";
			targets = (
				2640CDEB1D89E2850021C709 /* MemeMe */,
			);
		};
/* End PBXProject section */

/* Begin PBXResourcesBuildPhase section */
		2640CDEA1D89E2850021C709 /* Resources */ = {
			isa = PBXResourcesBuildPhase;
			buildActionMask = 2147483647;
			files = (
				2640CE031D89EFEC0021C709 /* impact.ttf in Resources */,
				2640CDFA1D89E2850021C709 /* LaunchScreen.storyboard in Resources */,
				2640CDF71D89E2850021C709 /* Assets.xcassets in Resources */,
				2640CDF51D89E2850021C709 /* Main.storyboard in Resources */,
			);
			runOnlyForDeploymentPostprocessing = 0;
		};
/* End PBXResourcesBuildPhase section */

/* Begin PBXSourcesBuildPhase section */
		2640CDE81D89E2850021C709 /* Sources */ = {
			isa = PBXSourcesBuildPhase;
			buildActionMask = 2147483647;
			files = (
				26ABF9D81DBD1AE000FCEBE8 /* Meme.swift in Sources */,
				26ABF9E11DBD5CAF00FCEBE8 /* SentMemesTableViewController.swift in Sources */,
				26ABF9E31DBD5CC300FCEBE8 /* SentMemesCollectionViewController.swift in Sources */,
				26A1673B1DC69DD7000FFCEA /* CustomMemeTableCell.swift in Sources */,
				2642975A1DBFFDC300AC1BF3 /* CustomMemeCollectionCell.swift in Sources */,
				264297581DBFF45000AC1BF3 /* SentMemesDetailViewController.swift in Sources */,
				2640CDF21D89E2850021C709 /* MemeEditorViewController.swift in Sources */,
				2640CDF01D89E2850021C709 /* AppDelegate.swift in Sources */,
			);
			runOnlyForDeploymentPostprocessing = 0;
		};
/* End PBXSourcesBuildPhase section */

/* Begin PBXVariantGroup section */
		2640CDF31D89E2850021C709 /* Main.storyboard */ = {
			isa = PBXVariantGroup;
			children = (
				2640CDF41D89E2850021C709 /* Base */,
			);
			name = Main.storyboard;
			sourceTree = "<group>";
		};
		2640CDF81D89E2850021C709 /* LaunchScreen.storyboard */ = {
			isa = PBXVariantGroup;
			children = (
				2640CDF91D89E2850021C709 /* Base */,
			);
			name = LaunchScreen.storyboard;
			sourceTree = "<group>";
		};
/* End PBXVariantGroup section */

/* Begin XCBuildConfiguration section */
		2640CDFC1D89E2850021C709 /* Debug */ = {
			isa = XCBuildConfiguration;
			buildSettings = {
				ALWAYS_SEARCH_USER_PATHS = NO;
				CLANG_ANALYZER_NONNULL = YES;
				CLANG_CXX_LANGUAGE_STANDARD = "gnu++0x";
				CLANG_CXX_LIBRARY = "libc++";
				CLANG_ENABLE_MODULES = YES;
				CLANG_ENABLE_OBJC_ARC = YES;
				CLANG_WARN_BOOL_CONVERSION = YES;
				CLANG_WARN_CONSTANT_CONVERSION = YES;
				CLANG_WARN_DIRECT_OBJC_ISA_USAGE = YES_ERROR;
				CLANG_WARN_EMPTY_BODY = YES;
				CLANG_WARN_ENUM_CONVERSION = YES;
				CLANG_WARN_INFINITE_RECURSION = YES;
				CLANG_WARN_INT_CONVERSION = YES;
				CLANG_WARN_OBJC_ROOT_CLASS = YES_ERROR;
				CLANG_WARN_SUSPICIOUS_MOVE = YES;
				CLANG_WARN_UNREACHABLE_CODE = YES;
				CLANG_WARN__DUPLICATE_METHOD_MATCH = YES;
				"CODE_SIGN_IDENTITY[sdk=iphoneos*]" = "iPhone Developer";
				COPY_PHASE_STRIP = NO;
				DEBUG_INFORMATION_FORMAT = dwarf;
				ENABLE_STRICT_OBJC_MSGSEND = YES;
				ENABLE_TESTABILITY = YES;
				GCC_C_LANGUAGE_STANDARD = gnu99;
				GCC_DYNAMIC_NO_PIC = NO;
				GCC_NO_COMMON_BLOCKS = YES;
				GCC_OPTIMIZATION_LEVEL = 0;
				GCC_PREPROCESSOR_DEFINITIONS = (
					"DEBUG=1",
					"$(inherited)",
				);
				GCC_WARN_64_TO_32_BIT_CONVERSION = YES;
				GCC_WARN_ABOUT_RETURN_TYPE = YES_ERROR;
				GCC_WARN_UNDECLARED_SELECTOR = YES;
				GCC_WARN_UNINITIALIZED_AUTOS = YES_AGGRESSIVE;
				GCC_WARN_UNUSED_FUNCTION = YES;
				GCC_WARN_UNUSED_VARIABLE = YES;
				IPHONEOS_DEPLOYMENT_TARGET = 9.3;
				MTL_ENABLE_DEBUG_INFO = YES;
				ONLY_ACTIVE_ARCH = YES;
				SDKROOT = iphoneos;
				SWIFT_OPTIMIZATION_LEVEL = "-Onone";
				TARGETED_DEVICE_FAMILY = "1,2";
			};
			name = Debug;
		};
		2640CDFD1D89E2850021C709 /* Release */ = {
			isa = XCBuildConfiguration;
			buildSettings = {
				ALWAYS_SEARCH_USER_PATHS = NO;
				CLANG_ANALYZER_NONNULL = YES;
				CLANG_CXX_LANGUAGE_STANDARD = "gnu++0x";
				CLANG_CXX_LIBRARY = "libc++";
				CLANG_ENABLE_MODULES = YES;
				CLANG_ENABLE_OBJC_ARC = YES;
				CLANG_WARN_BOOL_CONVERSION = YES;
				CLANG_WARN_CONSTANT_CONVERSION = YES;
				CLANG_WARN_DIRECT_OBJC_ISA_USAGE = YES_ERROR;
				CLANG_WARN_EMPTY_BODY = YES;
				CLANG_WARN_ENUM_CONVERSION = YES;
				CLANG_WARN_INFINITE_RECURSION = YES;
				CLANG_WARN_INT_CONVERSION = YES;
				CLANG_WARN_OBJC_ROOT_CLASS = YES_ERROR;
				CLANG_WARN_SUSPICIOUS_MOVE = YES;
				CLANG_WARN_UNREACHABLE_CODE = YES;
				CLANG_WARN__DUPLICATE_METHOD_MATCH = YES;
				"CODE_SIGN_IDENTITY[sdk=iphoneos*]" = "iPhone Developer";
				COPY_PHASE_STRIP = NO;
				DEBUG_INFORMATION_FORMAT = "dwarf-with-dsym";
				ENABLE_NS_ASSERTIONS = NO;
				ENABLE_STRICT_OBJC_MSGSEND = YES;
				GCC_C_LANGUAGE_STANDARD = gnu99;
				GCC_NO_COMMON_BLOCKS = YES;
				GCC_WARN_64_TO_32_BIT_CONVERSION = YES;
				GCC_WARN_ABOUT_RETURN_TYPE = YES_ERROR;
				GCC_WARN_UNDECLARED_SELECTOR = YES;
				GCC_WARN_UNINITIALIZED_AUTOS = YES_AGGRESSIVE;
				GCC_WARN_UNUSED_FUNCTION = YES;
				GCC_WARN_UNUSED_VARIABLE = YES;
				IPHONEOS_DEPLOYMENT_TARGET = 9.3;
				MTL_ENABLE_DEBUG_INFO = NO;
				SDKROOT = iphoneos;
				SWIFT_OPTIMIZATION_LEVEL = "-Owholemodule";
				TARGETED_DEVICE_FAMILY = "1,2";
				VALIDATE_PRODUCT = YES;
			};
			name = Release;
		};
		2640CDFF1D89E2850021C709 /* Debug */ = {
			isa = XCBuildConfiguration;
			buildSettings = {
				ASSETCATALOG_COMPILER_APPICON_NAME = AppIcon;
				DEVELOPMENT_TEAM = 5K94769W9X;
				INFOPLIST_FILE = MemeMe/Info.plist;
				LD_RUNPATH_SEARCH_PATHS = "$(inherited) @executable_path/Frameworks";
				PRODUCT_BUNDLE_IDENTIFIER = com.sixtysticks.MemeMe;
				PRODUCT_NAME = "$(TARGET_NAME)";
				SWIFT_VERSION = 3.0;
			};
			name = Debug;
		};
		2640CE001D89E2850021C709 /* Release */ = {
			isa = XCBuildConfiguration;
			buildSettings = {
				ASSETCATALOG_COMPILER_APPICON_NAME = AppIcon;
				DEVELOPMENT_TEAM = 5K94769W9X;
				INFOPLIST_FILE = MemeMe/Info.plist;
				LD_RUNPATH_SEARCH_PATHS = "$(inherited) @executable_path/Frameworks";
				PRODUCT_BUNDLE_IDENTIFIER = com.sixtysticks.MemeMe;
				PRODUCT_NAME = "$(TARGET_NAME)";
				SWIFT_VERSION = 3.0;
			};
			name = Release;
		};
/* End XCBuildConfiguration section */

/* Begin XCConfigurationList section */
		2640CDE71D89E2850021C709 /* Build configuration list for PBXProject "MemeMe" */ = {
			isa = XCConfigurationList;
			buildConfigurations = (
				2640CDFC1D89E2850021C709 /* Debug */,
				2640CDFD1D89E2850021C709 /* Release */,
			);
			defaultConfigurationIsVisible = 0;
			defaultConfigurationName = Release;
		};
		2640CDFE1D89E2850021C709 /* Build configuration list for PBXNativeTarget "MemeMe" */ = {
			isa = XCConfigurationList;
			buildConfigurations = (
				2640CDFF1D89E2850021C709 /* Debug */,
				2640CE001D89E2850021C709 /* Release */,
			);
			defaultConfigurationIsVisible = 0;
			defaultConfigurationName = Release;
		};
/* End XCConfigurationList section */
	};
	rootObject = 2640CDE41D89E2850021C709 /* Project object */;
}
